
Microsoft Visual Studio Solution File, Format Version 12.00
# Visual Studio Version 16
VisualStudioVersion = 16.0.31112.23
MinimumVisualStudioVersion = 10.0.40219.1
Project("{9A19103F-16F7-4668-BE54-9A1E7A4F7556}") = "Axede_Vehiculos", "Axede_Vehiculos.csproj", "{45673614-1CB6-43C8-AE83-D19DDC5A71AC}"
EndProject
Global
	GlobalSection(SolutionConfigurationPlatforms) = preSolution
		Debug|Any CPU = Debug|Any CPU
		Release|Any CPU = Release|Any CPU
	EndGlobalSection
	GlobalSection(ProjectConfigurationPlatforms) = postSolution
		{45673614-1CB6-43C8-AE83-D19DDC5A71AC}.Debug|Any CPU.ActiveCfg = Debug|Any CPU
		{45673614-1CB6-43C8-AE83-D19DDC5A71AC}.Debug|Any CPU.Build.0 = Debug|Any CPU
		{45673614-1CB6-43C8-AE83-D19DDC5A71AC}.Release|Any CPU.ActiveCfg = Release|Any CPU
		{45673614-1CB6-43C8-AE83-D19DDC5A71AC}.Release|Any CPU.Build.0 = Release|Any CPU
	EndGlobalSection
	GlobalSection(SolutionProperties) = preSolution
		HideSolutionNode = FALSE
	EndGlobalSection
	GlobalSection(ExtensibilityGlobals) = postSolution
		SolutionGuid = {C91DD100-14E9-4480-B280-F86B09E6B374}
	EndGlobalSection
EndGlobal
